
Microsoft Visual Studio Solution File, Format Version 12.00
# Visual Studio Version 17
VisualStudioVersion = 17.3.32922.545
MinimumVisualStudioVersion = 10.0.40219.1
Project("{9A19103F-16F7-4668-BE54-9A1E7A4F7556}") = "TranSupport.Calculator.BusinessLogic", "TranSupport.Calculator.BusinessLogic\TranSupport.Calculator.BusinessLogic.csproj", "{633184D9-454F-4254-97A3-EC22AA129956}"
	ProjectSection(ProjectDependencies) = postProject
		{271E1DF3-EF2C-42DA-8CB0-985C5CC5404D} = {271E1DF3-EF2C-42DA-8CB0-985C5CC5404D}
	EndProjectSection
EndProject
Project("{9A19103F-16F7-4668-BE54-9A1E7A4F7556}") = "TranSupport.Calculator.Data", "TranSupport.Calculator.Data\TranSupport.Calculator.Data.csproj", "{7A33C3F6-E4A5-4C41-AFD3-09792B405077}"
	ProjectSection(ProjectDependencies) = postProject
		{271E1DF3-EF2C-42DA-8CB0-985C5CC5404D} = {271E1DF3-EF2C-42DA-8CB0-985C5CC5404D}
	EndProjectSection
EndProject
Project("{9A19103F-16F7-4668-BE54-9A1E7A4F7556}") = "TranSupport.Calculator.API", "TranSupport.Calculator.API\TranSupport.Calculator.API.csproj", "{69612E70-2FBE-4BF6-BA25-BF16742D4F1C}"
	ProjectSection(ProjectDependencies) = postProject
		{271E1DF3-EF2C-42DA-8CB0-985C5CC5404D} = {271E1DF3-EF2C-42DA-8CB0-985C5CC5404D}
		{633184D9-454F-4254-97A3-EC22AA129956} = {633184D9-454F-4254-97A3-EC22AA129956}
		{7A33C3F6-E4A5-4C41-AFD3-09792B405077} = {7A33C3F6-E4A5-4C41-AFD3-09792B405077}
	EndProjectSection
EndProject
Project("{9A19103F-16F7-4668-BE54-9A1E7A4F7556}") = "TranSupport.Calculator.Shared", "TranSupport.Calculator.Shared\TranSupport.Calculator.Shared.csproj", "{271E1DF3-EF2C-42DA-8CB0-985C5CC5404D}"
EndProject
Global
	GlobalSection(SolutionConfigurationPlatforms) = preSolution
		Debug|Any CPU = Debug|Any CPU
		Release|Any CPU = Release|Any CPU
	EndGlobalSection
	GlobalSection(ProjectConfigurationPlatforms) = postSolution
		{633184D9-454F-4254-97A3-EC22AA129956}.Debug|Any CPU.ActiveCfg = Debug|Any CPU
		{633184D9-454F-4254-97A3-EC22AA129956}.Debug|Any CPU.Build.0 = Debug|Any CPU
		{633184D9-454F-4254-97A3-EC22AA129956}.Release|Any CPU.ActiveCfg = Release|Any CPU
		{633184D9-454F-4254-97A3-EC22AA129956}.Release|Any CPU.Build.0 = Release|Any CPU
		{7A33C3F6-E4A5-4C41-AFD3-09792B405077}.Debug|Any CPU.ActiveCfg = Debug|Any CPU
		{7A33C3F6-E4A5-4C41-AFD3-09792B405077}.Debug|Any CPU.Build.0 = Debug|Any CPU
		{7A33C3F6-E4A5-4C41-AFD3-09792B405077}.Release|Any CPU.ActiveCfg = Release|Any CPU
		{7A33C3F6-E4A5-4C41-AFD3-09792B405077}.Release|Any CPU.Build.0 = Release|Any CPU
		{69612E70-2FBE-4BF6-BA25-BF16742D4F1C}.Debug|Any CPU.ActiveCfg = Debug|Any CPU
		{69612E70-2FBE-4BF6-BA25-BF16742D4F1C}.Debug|Any CPU.Build.0 = Debug|Any CPU
		{69612E70-2FBE-4BF6-BA25-BF16742D4F1C}.Release|Any CPU.ActiveCfg = Release|Any CPU
		{69612E70-2FBE-4BF6-BA25-BF16742D4F1C}.Release|Any CPU.Build.0 = Release|Any CPU
		{271E1DF3-EF2C-42DA-8CB0-985C5CC5404D}.Debug|Any CPU.ActiveCfg = Debug|Any CPU
		{271E1DF3-EF2C-42DA-8CB0-985C5CC5404D}.Debug|Any CPU.Build.0 = Debug|Any CPU
		{271E1DF3-EF2C-42DA-8CB0-985C5CC5404D}.Release|Any CPU.ActiveCfg = Release|Any CPU
		{271E1DF3-EF2C-42DA-8CB0-985C5CC5404D}.Release|Any CPU.Build.0 = Release|Any CPU
	EndGlobalSection
	GlobalSection(SolutionProperties) = preSolution
		HideSolutionNode = FALSE
	EndGlobalSection
	GlobalSection(ExtensibilityGlobals) = postSolution
		SolutionGuid = {E3E2C101-64D9-4D29-BFF2-D18EE5A61F71}
	EndGlobalSection
EndGlobal
